PODS:
  - FlutterMacOS (1.0.0)
  - onnxruntime-c (1.25.1)

DEPENDENCIES:
  - FlutterMacOS (from `Flutter/ephemeral`)
  - onnxruntime-c (~> 1.24)

SPEC REPOS:
  trunk:
    - onnxruntime-c

EXTERNAL SOURCES:
  FlutterMacOS:
    :path: Flutter/ephemeral

SPEC CHECKSUMS:
  FlutterMacOS: d0db08ddef1a9af05a5ec4b724367152bb0500b1
  onnxruntime-c: 932c8d7de1dbf38048d33f153203c3168d445283

PODFILE CHECKSUM: 152aebc8ffa9fa6dcd4e7595b0018b63c0ea5ffa

COCOAPODS: 1.16.2
