PODS:
  - Flutter (1.0.0)
  - integration_test (0.0.1):
    - Flutter
  - onnxruntime-c (1.16.3)
  - onnxruntime-objc (1.16.3):
    - onnxruntime-objc/Core (= 1.16.3)
  - onnxruntime-objc/Core (1.16.3):
    - onnxruntime-c (= 1.16.3)

DEPENDENCIES:
  - Flutter (from `Flutter`)
  - integration_test (from `.symlinks/plugins/integration_test/ios`)
  - onnxruntime-objc (~> 1.16.0)

SPEC REPOS:
  trunk:
    - onnxruntime-c
    - onnxruntime-objc

EXTERNAL SOURCES:
  Flutter:
    :path: Flutter
  integration_test:
    :path: ".symlinks/plugins/integration_test/ios"

SPEC CHECKSUMS:
  Flutter: cabc95a1d2626b1b06e7179b784ebcf0c0cde467
  integration_test: 4a889634ef21a45d28d50d622cf412dc6d9f586e
  onnxruntime-c: 74e86835396f767f56835ea44cfe7630d8e58a4b
  onnxruntime-objc: 67a7633965d57f9648a0c7cc858d32c5c6b414f4

PODFILE CHECKSUM: bcfac5a21285e3ca195c6d0d21f7d3572d9fdec5

COCOAPODS: 1.16.2
